
Microsoft Visual Studio Solution File, Format Version 12.00
# Visual Studio Version 16
VisualStudioVersion = 16.0.30711.63
MinimumVisualStudioVersion = 10.0.40219.1
Project("{FAE04EC0-301F-11D3-BF4B-00C04F79EFBC}") = "Baseline", "Baseline\Baseline.csproj", "{980AA738-3093-4994-A033-07D14932C622}"
EndProject
Global
	GlobalSection(SolutionConfigurationPlatforms) = preSolution
		Debug|Any CPU = Debug|Any CPU
		Release|Any CPU = Release|Any CPU
	EndGlobalSection
	GlobalSection(ProjectConfigurationPlatforms) = postSolution
		{980AA738-3093-4994-A033-07D14932C622}.Debug|Any CPU.ActiveCfg = Debug|Any CPU
		{980AA738-3093-4994-A033-07D14932C622}.Debug|Any CPU.Build.0 = Debug|Any CPU
		{980AA738-3093-4994-A033-07D14932C622}.Release|Any CPU.ActiveCfg = Release|Any CPU
		{980AA738-3093-4994-A033-07D14932C622}.Release|Any CPU.Build.0 = Release|Any CPU
	EndGlobalSection
	GlobalSection(SolutionProperties) = preSolution
		HideSolutionNode = FALSE
	EndGlobalSection
	GlobalSection(ExtensibilityGlobals) = postSolution
		SolutionGuid = {2082D7D7-B9A5-4DF3-B47C-7552CB0BDC7A}
	EndGlobalSection
EndGlobal
